
Microsoft Visual Studio Solution File, Format Version 12.00
# Visual Studio 15
VisualStudioVersion = 15.0.28307.136
MinimumVisualStudioVersion = 10.0.40219.1
Project("{FAE04EC0-301F-11D3-BF4B-00C04F79EFBC}") = "TimeScaleParserTests", "src\TimeScaleParserTests\TimeScaleParserTests.csproj", "{8F58EBA5-077F-425F-9E45-30229CE39353}"
EndProject
Project("{FAE04EC0-301F-11D3-BF4B-00C04F79EFBC}") = "TimeScaleParser", "src\TimeScaleParser\TimeScaleParser.csproj", "{71202FB0-C738-4ACC-A585-B7FCC83BEF3F}"
EndProject
Project("{2150E333-8FDC-42A3-9474-1A3956D46DE8}") = "Solution Items", "Solution Items", "{075FC7AB-3F1A-48D8-A3CA-2D874426ECA6}"
	ProjectSection(SolutionItems) = preProject
		README.md = README.md
	EndProjectSection
EndProject
Global
	GlobalSection(SolutionConfigurationPlatforms) = preSolution
		Debug|Any CPU = Debug|Any CPU
		Release|Any CPU = Release|Any CPU
	EndGlobalSection
	GlobalSection(ProjectConfigurationPlatforms) = postSolution
		{8F58EBA5-077F-425F-9E45-30229CE39353}.Debug|Any CPU.ActiveCfg = Debug|Any CPU
		{8F58EBA5-077F-425F-9E45-30229CE39353}.Debug|Any CPU.Build.0 = Debug|Any CPU
		{8F58EBA5-077F-425F-9E45-30229CE39353}.Release|Any CPU.ActiveCfg = Release|Any CPU
		{8F58EBA5-077F-425F-9E45-30229CE39353}.Release|Any CPU.Build.0 = Release|Any CPU
		{71202FB0-C738-4ACC-A585-B7FCC83BEF3F}.Debug|Any CPU.ActiveCfg = Debug|Any CPU
		{71202FB0-C738-4ACC-A585-B7FCC83BEF3F}.Debug|Any CPU.Build.0 = Debug|Any CPU
		{71202FB0-C738-4ACC-A585-B7FCC83BEF3F}.Release|Any CPU.ActiveCfg = Release|Any CPU
		{71202FB0-C738-4ACC-A585-B7FCC83BEF3F}.Release|Any CPU.Build.0 = Release|Any CPU
	EndGlobalSection
	GlobalSection(SolutionProperties) = preSolution
		HideSolutionNode = FALSE
	EndGlobalSection
	GlobalSection(ExtensibilityGlobals) = postSolution
		SolutionGuid = {AE3A1478-2C6E-47AE-95E8-BDB22560BEF9}
	EndGlobalSection
EndGlobal
